
Microsoft Visual Studio Solution File, Format Version 12.00
# Visual Studio Version 16
VisualStudioVersion = 16.0.30621.155
MinimumVisualStudioVersion = 10.0.40219.1
Project("{9A19103F-16F7-4668-BE54-9A1E7A4F7556}") = "CodeInterpreter", "CodeInterpreter.csproj", "{1C9FE315-234B-4D44-B22A-1FC27E26E04E}"
EndProject
Global
	GlobalSection(SolutionConfigurationPlatforms) = preSolution
		Debug|Any CPU = Debug|Any CPU
		Release|Any CPU = Release|Any CPU
	EndGlobalSection
	GlobalSection(ProjectConfigurationPlatforms) = postSolution
		{1C9FE315-234B-4D44-B22A-1FC27E26E04E}.Debug|Any CPU.ActiveCfg = Debug|Any CPU
		{1C9FE315-234B-4D44-B22A-1FC27E26E04E}.Debug|Any CPU.Build.0 = Debug|Any CPU
		{1C9FE315-234B-4D44-B22A-1FC27E26E04E}.Release|Any CPU.ActiveCfg = Release|Any CPU
		{1C9FE315-234B-4D44-B22A-1FC27E26E04E}.Release|Any CPU.Build.0 = Release|Any CPU
	EndGlobalSection
	GlobalSection(SolutionProperties) = preSolution
		HideSolutionNode = FALSE
	EndGlobalSection
	GlobalSection(ExtensibilityGlobals) = postSolution
		SolutionGuid = {703CF3AF-21C5-4ABA-AFBE-08C33E44A494}
	EndGlobalSection
EndGlobal
